
Microsoft Visual Studio Solution File, Format Version 12.00
# Visual Studio Version 17
VisualStudioVersion = 17.6.33417.168
MinimumVisualStudioVersion = 10.0.40219.1
Project("{FAE04EC0-301F-11D3-BF4B-00C04F79EFBC}") = "Vorlesung_5", "Vorlesung_5\Vorlesung_5.csproj", "{42788424-8495-4796-8072-B65B0360A90B}"
EndProject
Project("{FAE04EC0-301F-11D3-BF4B-00C04F79EFBC}") = "Vorlesung_4_Wiederholung", "Vorlesung_4_Wiederholung\Vorlesung_4_Wiederholung.csproj", "{845F8D4B-F43F-4E9F-83D0-7BAF4C6E5F6D}"
EndProject
Project("{FAE04EC0-301F-11D3-BF4B-00C04F79EFBC}") = "Aufgabe_Linq", "Aufgabe_Linq\Aufgabe_Linq.csproj", "{C808D6F2-887F-4674-8BA2-2DE601BDDE77}"
EndProject
Global
	GlobalSection(SolutionConfigurationPlatforms) = preSolution
		Debug|Any CPU = Debug|Any CPU
		Release|Any CPU = Release|Any CPU
	EndGlobalSection
	GlobalSection(ProjectConfigurationPlatforms) = postSolution
		{42788424-8495-4796-8072-B65B0360A90B}.Debug|Any CPU.ActiveCfg = Debug|Any CPU
		{42788424-8495-4796-8072-B65B0360A90B}.Debug|Any CPU.Build.0 = Debug|Any CPU
		{42788424-8495-4796-8072-B65B0360A90B}.Release|Any CPU.ActiveCfg = Release|Any CPU
		{42788424-8495-4796-8072-B65B0360A90B}.Release|Any CPU.Build.0 = Release|Any CPU
		{845F8D4B-F43F-4E9F-83D0-7BAF4C6E5F6D}.Debug|Any CPU.ActiveCfg = Debug|Any CPU
		{845F8D4B-F43F-4E9F-83D0-7BAF4C6E5F6D}.Debug|Any CPU.Build.0 = Debug|Any CPU
		{845F8D4B-F43F-4E9F-83D0-7BAF4C6E5F6D}.Release|Any CPU.ActiveCfg = Release|Any CPU
		{845F8D4B-F43F-4E9F-83D0-7BAF4C6E5F6D}.Release|Any CPU.Build.0 = Release|Any CPU
		{C808D6F2-887F-4674-8BA2-2DE601BDDE77}.Debug|Any CPU.ActiveCfg = Debug|Any CPU
		{C808D6F2-887F-4674-8BA2-2DE601BDDE77}.Debug|Any CPU.Build.0 = Debug|Any CPU
		{C808D6F2-887F-4674-8BA2-2DE601BDDE77}.Release|Any CPU.ActiveCfg = Release|Any CPU
		{C808D6F2-887F-4674-8BA2-2DE601BDDE77}.Release|Any CPU.Build.0 = Release|Any CPU
	EndGlobalSection
	GlobalSection(SolutionProperties) = preSolution
		HideSolutionNode = FALSE
	EndGlobalSection
	GlobalSection(ExtensibilityGlobals) = postSolution
		SolutionGuid = {7765C564-FF2B-4367-99EB-92311572FD36}
	EndGlobalSection
EndGlobal
