
Microsoft Visual Studio Solution File, Format Version 12.00
# Visual Studio Version 17
VisualStudioVersion = 17.5.33312.197
MinimumVisualStudioVersion = 10.0.40219.1
Project("{9A19103F-16F7-4668-BE54-9A1E7A4F7556}") = "Battleship", "Battleship\Battleship.csproj", "{C9B2111F-1B79-4CAF-A0F7-CC78DD28C6AE}"
EndProject
Project("{9A19103F-16F7-4668-BE54-9A1E7A4F7556}") = "GetStarted", "GetStarted\GetStarted.csproj", "{E2BB9E23-4EF1-4CC9-B08E-37CB07946352}"
EndProject
Global
	GlobalSection(SolutionConfigurationPlatforms) = preSolution
		Debug|Any CPU = Debug|Any CPU
		Release|Any CPU = Release|Any CPU
	EndGlobalSection
	GlobalSection(ProjectConfigurationPlatforms) = postSolution
		{C9B2111F-1B79-4CAF-A0F7-CC78DD28C6AE}.Debug|Any CPU.ActiveCfg = Debug|Any CPU
		{C9B2111F-1B79-4CAF-A0F7-CC78DD28C6AE}.Debug|Any CPU.Build.0 = Debug|Any CPU
		{C9B2111F-1B79-4CAF-A0F7-CC78DD28C6AE}.Release|Any CPU.ActiveCfg = Release|Any CPU
		{C9B2111F-1B79-4CAF-A0F7-CC78DD28C6AE}.Release|Any CPU.Build.0 = Release|Any CPU
		{E2BB9E23-4EF1-4CC9-B08E-37CB07946352}.Debug|Any CPU.ActiveCfg = Debug|Any CPU
		{E2BB9E23-4EF1-4CC9-B08E-37CB07946352}.Debug|Any CPU.Build.0 = Debug|Any CPU
		{E2BB9E23-4EF1-4CC9-B08E-37CB07946352}.Release|Any CPU.ActiveCfg = Release|Any CPU
		{E2BB9E23-4EF1-4CC9-B08E-37CB07946352}.Release|Any CPU.Build.0 = Release|Any CPU
	EndGlobalSection
	GlobalSection(SolutionProperties) = preSolution
		HideSolutionNode = FALSE
	EndGlobalSection
	GlobalSection(ExtensibilityGlobals) = postSolution
		SolutionGuid = {703948A9-E9E5-4E71-A478-74FDC421E2E6}
	EndGlobalSection
EndGlobal
